
Microsoft Visual Studio Solution File, Format Version 12.00
# Visual Studio Version 16
VisualStudioVersion = 16.0.32002.261
MinimumVisualStudioVersion = 10.0.40219.1
Project("{FAE04EC0-301F-11D3-BF4B-00C04F79EFBC}") = "WebDevProj", "WebDevProj\WebDevProj.csproj", "{68103AE1-E56F-42E2-B281-A43BCE7695C2}"
EndProject
Global
	GlobalSection(SolutionConfigurationPlatforms) = preSolution
		Debug|Any CPU = Debug|Any CPU
		Release|Any CPU = Release|Any CPU
	EndGlobalSection
	GlobalSection(ProjectConfigurationPlatforms) = postSolution
		{68103AE1-E56F-42E2-B281-A43BCE7695C2}.Debug|Any CPU.ActiveCfg = Debug|Any CPU
		{68103AE1-E56F-42E2-B281-A43BCE7695C2}.Debug|Any CPU.Build.0 = Debug|Any CPU
		{68103AE1-E56F-42E2-B281-A43BCE7695C2}.Release|Any CPU.ActiveCfg = Release|Any CPU
		{68103AE1-E56F-42E2-B281-A43BCE7695C2}.Release|Any CPU.Build.0 = Release|Any CPU
	EndGlobalSection
	GlobalSection(SolutionProperties) = preSolution
		HideSolutionNode = FALSE
	EndGlobalSection
	GlobalSection(ExtensibilityGlobals) = postSolution
		SolutionGuid = {FCA057E8-2E38-4DA1-A523-26D2910D6B1F}
	EndGlobalSection
EndGlobal
